
Microsoft Visual Studio Solution File, Format Version 12.00
# Visual Studio 14
VisualStudioVersion = 14.0.25420.1
MinimumVisualStudioVersion = 10.0.40219.1
Project("{FAE04EC0-301F-11D3-BF4B-00C04F79EFBC}") = "MCQsDesigner.UI", "MCQsDesigner.UI\MCQsDesigner.UI.csproj", "{F437EDFD-3D0D-40A8-AA8B-ED9F2418BC95}"
EndProject
Project("{FAE04EC0-301F-11D3-BF4B-00C04F79EFBC}") = "MCQsDesigner.BOL", "MCQsDesigner.BOL\MCQsDesigner.BOL.csproj", "{89C9F2AB-B203-4D43-BE14-E8C334360EC4}"
EndProject
Project("{FAE04EC0-301F-11D3-BF4B-00C04F79EFBC}") = "MCQsDesigner.DAL", "MCQsDesigner.DAL\MCQsDesigner.DAL.csproj", "{32C9D366-3384-41D5-BD44-1C66FD2AFCF4}"
EndProject
Global
	GlobalSection(SolutionConfigurationPlatforms) = preSolution
		Debug|Any CPU = Debug|Any CPU
		Release|Any CPU = Release|Any CPU
	EndGlobalSection
	GlobalSection(ProjectConfigurationPlatforms) = postSolution
		{F437EDFD-3D0D-40A8-AA8B-ED9F2418BC95}.Debug|Any CPU.ActiveCfg = Debug|Any CPU
		{F437EDFD-3D0D-40A8-AA8B-ED9F2418BC95}.Debug|Any CPU.Build.0 = Debug|Any CPU
		{F437EDFD-3D0D-40A8-AA8B-ED9F2418BC95}.Release|Any CPU.ActiveCfg = Release|Any CPU
		{F437EDFD-3D0D-40A8-AA8B-ED9F2418BC95}.Release|Any CPU.Build.0 = Release|Any CPU
		{89C9F2AB-B203-4D43-BE14-E8C334360EC4}.Debug|Any CPU.ActiveCfg = Debug|Any CPU
		{89C9F2AB-B203-4D43-BE14-E8C334360EC4}.Debug|Any CPU.Build.0 = Debug|Any CPU
		{89C9F2AB-B203-4D43-BE14-E8C334360EC4}.Release|Any CPU.ActiveCfg = Release|Any CPU
		{89C9F2AB-B203-4D43-BE14-E8C334360EC4}.Release|Any CPU.Build.0 = Release|Any CPU
		{32C9D366-3384-41D5-BD44-1C66FD2AFCF4}.Debug|Any CPU.ActiveCfg = Debug|Any CPU
		{32C9D366-3384-41D5-BD44-1C66FD2AFCF4}.Debug|Any CPU.Build.0 = Debug|Any CPU
		{32C9D366-3384-41D5-BD44-1C66FD2AFCF4}.Release|Any CPU.ActiveCfg = Release|Any CPU
		{32C9D366-3384-41D5-BD44-1C66FD2AFCF4}.Release|Any CPU.Build.0 = Release|Any CPU
	EndGlobalSection
	GlobalSection(SolutionProperties) = preSolution
		HideSolutionNode = FALSE
	EndGlobalSection
EndGlobal
