
Microsoft Visual Studio Solution File, Format Version 12.00
# Visual Studio Version 17
VisualStudioVersion = 17.2.32516.85
MinimumVisualStudioVersion = 10.0.40219.1
Project("{FAE04EC0-301F-11D3-BF4B-00C04F79EFBC}") = "MCQsDesigner.BOL", "MCQsDesigner.BOL\MCQsDesigner.BOL.csproj", "{89C9F2AB-B203-4D43-BE14-E8C334360EC4}"
EndProject
Project("{FAE04EC0-301F-11D3-BF4B-00C04F79EFBC}") = "MCQsDesigner.DAL", "MCQsDesigner.DAL\MCQsDesigner.DAL.csproj", "{7CB52511-7574-477E-B4A7-F23941477D75}"
EndProject
Project("{FAE04EC0-301F-11D3-BF4B-00C04F79EFBC}") = "MCQsDesigner.Web", "MCQsDesigner.Web\MCQsDesigner.Web.csproj", "{AEEC05E6-6D39-4F06-9103-E4050DF07B5A}"
EndProject
Global
	GlobalSection(SolutionConfigurationPlatforms) = preSolution
		Debug|Any CPU = Debug|Any CPU
		Release|Any CPU = Release|Any CPU
	EndGlobalSection
	GlobalSection(ProjectConfigurationPlatforms) = postSolution
		{89C9F2AB-B203-4D43-BE14-E8C334360EC4}.Debug|Any CPU.ActiveCfg = Debug|Any CPU
		{89C9F2AB-B203-4D43-BE14-E8C334360EC4}.Debug|Any CPU.Build.0 = Debug|Any CPU
		{89C9F2AB-B203-4D43-BE14-E8C334360EC4}.Release|Any CPU.ActiveCfg = Release|Any CPU
		{89C9F2AB-B203-4D43-BE14-E8C334360EC4}.Release|Any CPU.Build.0 = Release|Any CPU
		{7CB52511-7574-477E-B4A7-F23941477D75}.Debug|Any CPU.ActiveCfg = Debug|Any CPU
		{7CB52511-7574-477E-B4A7-F23941477D75}.Debug|Any CPU.Build.0 = Debug|Any CPU
		{7CB52511-7574-477E-B4A7-F23941477D75}.Release|Any CPU.ActiveCfg = Release|Any CPU
		{7CB52511-7574-477E-B4A7-F23941477D75}.Release|Any CPU.Build.0 = Release|Any CPU
		{AEEC05E6-6D39-4F06-9103-E4050DF07B5A}.Debug|Any CPU.ActiveCfg = Debug|Any CPU
		{AEEC05E6-6D39-4F06-9103-E4050DF07B5A}.Debug|Any CPU.Build.0 = Debug|Any CPU
		{AEEC05E6-6D39-4F06-9103-E4050DF07B5A}.Release|Any CPU.ActiveCfg = Release|Any CPU
		{AEEC05E6-6D39-4F06-9103-E4050DF07B5A}.Release|Any CPU.Build.0 = Release|Any CPU
	EndGlobalSection
	GlobalSection(SolutionProperties) = preSolution
		HideSolutionNode = FALSE
	EndGlobalSection
	GlobalSection(ExtensibilityGlobals) = postSolution
		SolutionGuid = {AAA66D63-816C-43C2-9463-2BB6EC6A594B}
	EndGlobalSection
EndGlobal
